// !$*UTF8*$!
{
	archiveVersion = 1;
	classes = {
	};
	objectVersion = 46;
	objects = {

/* Begin PBXBuildFile section */
		1DD3706B1EA5553A00059129 /* DetailViewController.swift in Sources */ = {isa = PBXBuildFile; fileRef = 1DD3706A1EA5553A00059129 /* DetailViewController.swift */; };
		1DE768701EA4E28B00499957 /* AppDelegate.swift in Sources */ = {isa = PBXBuildFile; fileRef = 1DE7686F1EA4E28B00499957 /* AppDelegate.swift */; };
		1DE768721EA4E28B00499957 /* ViewController.swift in Sources */ = {isa = PBXBuildFile; fileRef = 1DE768711EA4E28B00499957 /* ViewController.swift */; };
		1DE768751EA4E28B00499957 /* Main.storyboard in Resources */ = {isa = PBXBuildFile; fileRef = 1DE768731EA4E28B00499957 /* Main.storyboard */; };
		1DE768771EA4E28B00499957 /* Assets.xcassets in Resources */ = {isa = PBXBuildFile; fileRef = 1DE768761EA4E28B00499957 /* Assets.xcassets */; };
		1DE7687A1EA4E28B00499957 /* LaunchScreen.storyboard in Resources */ = {isa = PBXBuildFile; fileRef = 1DE768781EA4E28B00499957 /* LaunchScreen.storyboard */; };
		1DE768861EA4E2ED00499957 /* Potter.swift in Sources */ = {isa = PBXBuildFile; fileRef = 1DE768851EA4E2ED00499957 /* Potter.swift */; };
		1DE768881EA4E38200499957 /* PotterTableViewCell.swift in Sources */ = {isa = PBXBuildFile; fileRef = 1DE768871EA4E38200499957 /* PotterTableViewCell.swift */; };
/* End PBXBuildFile section */

/* Begin PBXFileReference section */
		1DD3706A1EA5553A00059129 /* DetailViewController.swift */ = {isa = PBXFileReference; fileEncoding = 4; lastKnownFileType = sourcecode.swift; path = DetailViewController.swift; sourceTree = "<group>"; };
		1DE7686C1EA4E28B00499957 /* Swift3URLSessionJSON.app */ = {isa = PBXFileReference; explicitFileType = wrapper.application; includeInIndex = 0; path = Swift3URLSessionJSON.app; sourceTree = BUILT_PRODUCTS_DIR; };
		1DE7686F1EA4E28B00499957 /* AppDelegate.swift */ = {isa = PBXFileReference; lastKnownFileType = sourcecode.swift; path = AppDelegate.swift; sourceTree = "<group>"; };
		1DE768711EA4E28B00499957 /* ViewController.swift */ = {isa = PBXFileReference; lastKnownFileType = sourcecode.swift; path = ViewController.swift; sourceTree = "<group>"; };
		1DE768741EA4E28B00499957 /* Base */ = {isa = PBXFileReference; lastKnownFileType = file.storyboard; name = Base; path = Base.lproj/Main.storyboard; sourceTree = "<group>"; };
		1DE768761EA4E28B00499957 /* Assets.xcassets */ = {isa = PBXFileReference; lastKnownFileType = folder.assetcatalog; path = Assets.xcassets; sourceTree = "<group>"; };
		1DE768791EA4E28B00499957 /* Base */ = {isa = PBXFileReference; lastKnownFileType = file.storyboard; name = Base; path = Base.lproj/LaunchScreen.storyboard; sourceTree = "<group>"; };
		1DE7687B1EA4E28B00499957 /* Info.plist */ = {isa = PBXFileReference; lastKnownFileType = text.plist.xml; path = Info.plist; sourceTree = "<group>"; };
		1DE768851EA4E2ED00499957 /* Potter.swift */ = {isa = PBXFileReference; fileEncoding = 4; lastKnownFileType = sourcecode.swift; path = Potter.swift; sourceTree = "<group>"; };
		1DE768871EA4E38200499957 /* PotterTableViewCell.swift */ = {isa = PBXFileReference; fileEncoding = 4; lastKnownFileType = sourcecode.swift; path = PotterTableViewCell.swift; sourceTree = "<group>"; };
/* End PBXFileReference section */

/* Begin PBXFrameworksBuildPhase section */
		1DE768691EA4E28B00499957 /* Frameworks */ = {
			isa = PBXFrameworksBuildPhase;
			buildActionMask = 2147483647;
			files = (
			);
			runOnlyForDeploymentPostprocessing = 0;
		};
/* End PBXFrameworksBuildPhase section */

/* Begin PBXGroup section */
		1DE768631EA4E28B00499957 = {
			isa = PBXGroup;
			children = (
				1DE7686E1EA4E28B00499957 /* Swift3URLSessionJSON */,
				1DE7686D1EA4E28B00499957 /* Products */,
			);
			sourceTree = "<group>";
		};
		1DE7686D1EA4E28B00499957 /* Products */ = {
			isa = PBXGroup;
			children = (
				1DE7686C1EA4E28B00499957 /* Swift3URLSessionJSON.app */,
			);
			name = Products;
			sourceTree = "<group>";
		};
		1DE7686E1EA4E28B00499957 /* Swift3URLSessionJSON */ = {
			isa = PBXGroup;
			children = (
				1DE768841EA4E2B600499957 /* Model */,
				1DE768831EA4E2B400499957 /* View */,
				1DE768821EA4E2B200499957 /* Controller */,
				1DE768811EA4E2AD00499957 /* Additional Files */,
			);
			path = Swift3URLSessionJSON;
			sourceTree = "<group>";
		};
		1DE768811EA4E2AD00499957 /* Additional Files */ = {
			isa = PBXGroup;
			children = (
				1DE7686F1EA4E28B00499957 /* AppDelegate.swift */,
				1DE768761EA4E28B00499957 /* Assets.xcassets */,
				1DE7687B1EA4E28B00499957 /* Info.plist */,
			);
			name = "Additional Files";
			sourceTree = "<group>";
		};
		1DE768821EA4E2B200499957 /* Controller */ = {
			isa = PBXGroup;
			children = (
				1DE768711EA4E28B00499957 /* ViewController.swift */,
				1DD3706A1EA5553A00059129 /* DetailViewController.swift */,
				1DE768871EA4E38200499957 /* PotterTableViewCell.swift */,
			);
			name = Controller;
			sourceTree = "<group>";
		};
		1DE768831EA4E2B400499957 /* View */ = {
			isa = PBXGroup;
			children = (
				1DE768731EA4E28B00499957 /* Main.storyboard */,
				1DE768781EA4E28B00499957 /* LaunchScreen.storyboard */,
			);
			name = View;
			sourceTree = "<group>";
		};
		1DE768841EA4E2B600499957 /* Model */ = {
			isa = PBXGroup;
			children = (
				1DE768851EA4E2ED00499957 /* Potter.swift */,
			);
			name = Model;
			sourceTree = "<group>";
		};
/* End PBXGroup section */

/* Begin PBXNativeTarget section */
		1DE7686B1EA4E28B00499957 /* Swift3URLSessionJSON */ = {
			isa = PBXNativeTarget;
			buildConfigurationList = 1DE7687E1EA4E28B00499957 /* Build configuration list for PBXNativeTarget "Swift3URLSessionJSON" */;
			buildPhases = (
				1DE768681EA4E28B00499957 /* Sources */,
				1DE768691EA4E28B00499957 /* Frameworks */,
				1DE7686A1EA4E28B00499957 /* Resources */,
			);
			buildRules = (
			);
			dependencies = (
			);
			name = Swift3URLSessionJSON;
			productName = Swift3URLSessionJSON;
			productReference = 1DE7686C1EA4E28B00499957 /* Swift3URLSessionJSON.app */;
			productType = "com.apple.product-type.application";
		};
/* End PBXNativeTarget section */

/* Begin PBXProject section */
		1DE768641EA4E28B00499957 /* Project object */ = {
			isa = PBXProject;
			attributes = {
				LastSwiftUpdateCheck = 0830;
				LastUpgradeCheck = 0830;
				ORGANIZATIONNAME = "Matthew Singleton";
				TargetAttributes = {
					1DE7686B1EA4E28B00499957 = {
						CreatedOnToolsVersion = 8.3.1;
						DevelopmentTeam = K8YZSQZRNW;
						ProvisioningStyle = Automatic;
					};
				};
			};
			buildConfigurationList = 1DE768671EA4E28B00499957 /* Build configuration list for PBXProject "Swift3URLSessionJSON" */;
			compatibilityVersion = "Xcode 3.2";
			developmentRegion = English;
			hasScannedForEncodings = 0;
			knownRegions = (
				en,
				Base,
			);
			mainGroup = 1DE768631EA4E28B00499957;
			productRefGroup = 1DE7686D1EA4E28B00499957 /* Products */;
			projectDirPath = "";
			projectRoot = "";
			targets = (
				1DE7686B1EA4E28B00499957 /* Swift3URLSessionJSON */,
			);
		};
/* End PBXProject section */

/* Begin PBXResourcesBuildPhase section */
		1DE7686A1EA4E28B00499957 /* Resources */ = {
			isa = PBXResourcesBuildPhase;
			buildActionMask = 2147483647;
			files = (
				1DE7687A1EA4E28B00499957 /* LaunchScreen.storyboard in Resources */,
				1DE768771EA4E28B00499957 /* Assets.xcassets in Resources */,
				1DE768751EA4E28B00499957 /* Main.storyboard in Resources */,
			);
			runOnlyForDeploymentPostprocessing = 0;
		};
/* End PBXResourcesBuildPhase section */

/* Begin PBXSourcesBuildPhase section */
		1DE768681EA4E28B00499957 /* Sources */ = {
			isa = PBXSourcesBuildPhase;
			buildActionMask = 2147483647;
			files = (
				1DE768861EA4E2ED00499957 /* Potter.swift in Sources */,
				1DE768881EA4E38200499957 /* PotterTableViewCell.swift in Sources */,
				1DD3706B1EA5553A00059129 /* DetailViewController.swift in Sources */,
				1DE768721EA4E28B00499957 /* ViewController.swift in Sources */,
				1DE768701EA4E28B00499957 /* AppDelegate.swift in Sources */,
			);
			runOnlyForDeploymentPostprocessing = 0;
		};
/* End PBXSourcesBuildPhase section */

/* Begin PBXVariantGroup section */
		1DE768731EA4E28B00499957 /* Main.storyboard */ = {
			isa = PBXVariantGroup;
			children = (
				1DE768741EA4E28B00499957 /* Base */,
			);
			name = Main.storyboard;
			sourceTree = "<group>";
		};
		1DE768781EA4E28B00499957 /* LaunchScreen.storyboard */ = {
			isa = PBXVariantGroup;
			children = (
				1DE768791EA4E28B00499957 /* Base */,
			);
			name = LaunchScreen.storyboard;
			sourceTree = "<group>";
		};
/* End PBXVariantGroup section */

/* Begin XCBuildConfiguration section */
		1DE7687C1EA4E28B00499957 /* Debug */ = {
			isa = XCBuildConfiguration;
			buildSettings = {
				ALWAYS_SEARCH_USER_PATHS = NO;
				CLANG_ANALYZER_NONNULL = YES;
				CLANG_ANALYZER_NUMBER_OBJECT_CONVERSION = YES_AGGRESSIVE;
				CLANG_CXX_LANGUAGE_STANDARD = "gnu++0x";
				CLANG_CXX_LIBRARY = "libc++";
				CLANG_ENABLE_MODULES = YES;
				CLANG_ENABLE_OBJC_ARC = YES;
				CLANG_WARN_BOOL_CONVERSION = YES;
				CLANG_WARN_CONSTANT_CONVERSION = YES;
				CLANG_WARN_DIRECT_OBJC_ISA_USAGE = YES_ERROR;
				CLANG_WARN_DOCUMENTATION_COMMENTS = YES;
				CLANG_WARN_EMPTY_BODY = YES;
				CLANG_WARN_ENUM_CONVERSION = YES;
				CLANG_WARN_INFINITE_RECURSION = YES;
				CLANG_WARN_INT_CONVERSION = YES;
				CLANG_WARN_OBJC_ROOT_CLASS = YES_ERROR;
				CLANG_WARN_SUSPICIOUS_MOVE = YES;
				CLANG_WARN_UNREACHABLE_CODE = YES;
				CLANG_WARN__DUPLICATE_METHOD_MATCH = YES;
				"CODE_SIGN_IDENTITY[sdk=iphoneos*]" = "iPhone Developer";
				COPY_PHASE_STRIP = NO;
				DEBUG_INFORMATION_FORMAT = dwarf;
				ENABLE_STRICT_OBJC_MSGSEND = YES;
				ENABLE_TESTABILITY = YES;
				GCC_C_LANGUAGE_STANDARD = gnu99;
				GCC_DYNAMIC_NO_PIC = NO;
				GCC_NO_COMMON_BLOCKS = YES;
				GCC_OPTIMIZATION_LEVEL = 0;
				GCC_PREPROCESSOR_DEFINITIONS = (
					"DEBUG=1",
					"$(inherited)",
				);
				GCC_WARN_64_TO_32_BIT_CONVERSION = YES;
				GCC_WARN_ABOUT_RETURN_TYPE = YES_ERROR;
				GCC_WARN_UNDECLARED_SELECTOR = YES;
				GCC_WARN_UNINITIALIZED_AUTOS = YES_AGGRESSIVE;
				GCC_WARN_UNUSED_FUNCTION = YES;
				GCC_WARN_UNUSED_VARIABLE = YES;
				IPHONEOS_DEPLOYMENT_TARGET = 10.3;
				MTL_ENABLE_DEBUG_INFO = YES;
				ONLY_ACTIVE_ARCH = YES;
				SDKROOT = iphoneos;
				SWIFT_ACTIVE_COMPILATION_CONDITIONS = DEBUG;
				SWIFT_OPTIMIZATION_LEVEL = "-Onone";
			};
			name = Debug;
		};
		1DE7687D1EA4E28B00499957 /* Release */ = {
			isa = XCBuildConfiguration;
			buildSettings = {
				ALWAYS_SEARCH_USER_PATHS = NO;
				CLANG_ANALYZER_NONNULL = YES;
				CLANG_ANALYZER_NUMBER_OBJECT_CONVERSION = YES_AGGRESSIVE;
				CLANG_CXX_LANGUAGE_STANDARD = "gnu++0x";
				CLANG_CXX_LIBRARY = "libc++";
				CLANG_ENABLE_MODULES = YES;
				CLANG_ENABLE_OBJC_ARC = YES;
				CLANG_WARN_BOOL_CONVERSION = YES;
				CLANG_WARN_CONSTANT_CONVERSION = YES;
				CLANG_WARN_DIRECT_OBJC_ISA_USAGE = YES_ERROR;
				CLANG_WARN_DOCUMENTATION_COMMENTS = YES;
				CLANG_WARN_EMPTY_BODY = YES;
				CLANG_WARN_ENUM_CONVERSION = YES;
				CLANG_WARN_INFINITE_RECURSION = YES;
				CLANG_WARN_INT_CONVERSION = YES;
				CLANG_WARN_OBJC_ROOT_CLASS = YES_ERROR;
				CLANG_WARN_SUSPICIOUS_MOVE = YES;
				CLANG_WARN_UNREACHABLE_CODE = YES;
				CLANG_WARN__DUPLICATE_METHOD_MATCH = YES;
				"CODE_SIGN_IDENTITY[sdk=iphoneos*]" = "iPhone Developer";
				COPY_PHASE_STRIP = NO;
				DEBUG_INFORMATION_FORMAT = "dwarf-with-dsym";
				ENABLE_NS_ASSERTIONS = NO;
				ENABLE_STRICT_OBJC_MSGSEND = YES;
				GCC_C_LANGUAGE_STANDARD = gnu99;
				GCC_NO_COMMON_BLOCKS = YES;
				GCC_WARN_64_TO_32_BIT_CONVERSION = YES;
				GCC_WARN_ABOUT_RETURN_TYPE = YES_ERROR;
				GCC_WARN_UNDECLARED_SELECTOR = YES;
				GCC_WARN_UNINITIALIZED_AUTOS = YES_AGGRESSIVE;
				GCC_WARN_UNUSED_FUNCTION = YES;
				GCC_WARN_UNUSED_VARIABLE = YES;
				IPHONEOS_DEPLOYMENT_TARGET = 10.3;
				MTL_ENABLE_DEBUG_INFO = NO;
				SDKROOT = iphoneos;
				SWIFT_OPTIMIZATION_LEVEL = "-Owholemodule";
				VALIDATE_PRODUCT = YES;
			};
			name = Release;
		};
		1DE7687F1EA4E28B00499957 /* Debug */ = {
			isa = XCBuildConfiguration;
			buildSettings = {
				ASSETCATALOG_COMPILER_APPICON_NAME = AppIcon;
				DEVELOPMENT_TEAM = K8YZSQZRNW;
				INFOPLIST_FILE = Swift3URLSessionJSON/Info.plist;
				LD_RUNPATH_SEARCH_PATHS = "$(inherited) @executable_path/Frameworks";
				PRODUCT_BUNDLE_IDENTIFIER = com.matthewhsingleton.Swift3URLSessionJSON;
				PRODUCT_NAME = "$(TARGET_NAME)";
				SWIFT_VERSION = 3.0;
			};
			name = Debug;
		};
		1DE768801EA4E28B00499957 /* Release */ = {
			isa = XCBuildConfiguration;
			buildSettings = {
				ASSETCATALOG_COMPILER_APPICON_NAME = AppIcon;
				DEVELOPMENT_TEAM = K8YZSQZRNW;
				INFOPLIST_FILE = Swift3URLSessionJSON/Info.plist;
				LD_RUNPATH_SEARCH_PATHS = "$(inherited) @executable_path/Frameworks";
				PRODUCT_BUNDLE_IDENTIFIER = com.matthewhsingleton.Swift3URLSessionJSON;
				PRODUCT_NAME = "$(TARGET_NAME)";
				SWIFT_VERSION = 3.0;
			};
			name = Release;
		};
/* End XCBuildConfiguration section */

/* Begin XCConfigurationList section */
		1DE768671EA4E28B00499957 /* Build configuration list for PBXProject "Swift3URLSessionJSON" */ = {
			isa = XCConfigurationList;
			buildConfigurations = (
				1DE7687C1EA4E28B00499957 /* Debug */,
				1DE7687D1EA4E28B00499957 /* Release */,
			);
			defaultConfigurationIsVisible = 0;
			defaultConfigurationName = Release;
		};
		1DE7687E1EA4E28B00499957 /* Build configuration list for PBXNativeTarget "Swift3URLSessionJSON" */ = {
			isa = XCConfigurationList;
			buildConfigurations = (
				1DE7687F1EA4E28B00499957 /* Debug */,
				1DE768801EA4E28B00499957 /* Release */,
			);
			defaultConfigurationIsVisible = 0;
			defaultConfigurationName = Release;
		};
/* End XCConfigurationList section */
	};
	rootObject = 1DE768641EA4E28B00499957 /* Project object */;
}
